{
  "name": "unit-testing-javascript-activity",
  "version": "1.0.0",
  "lockfileVersion": 2,
  "requires": true,
  "packages": {
    "": {
      "name": "unit-testing-javascript-activity",
      "version": "1.0.0",
      "license": "ISC",
      "dependencies": {
        "chai-asserttype-extra": "^1.2.0"
      },
      "devDependencies": {
        "chai": "^4.2.0"
      }
    },
    "node_modules/@types/bluebird": {
      "version": "3.5.33",
      "resolved": "https://registry.npmjs.org/@types/bluebird/-/bluebird-3.5.33.tgz",
      "integrity": "sha512-ndEo1xvnYeHxm7I/5sF6tBvnsA4Tdi3zj1keRKRs12SP+2ye2A27NDJ1B6PqkfMbGAcT+mqQVqbZRIrhfOp5PQ==",
      "peer": true
    },
    "node_modules/@types/type-detect": {
      "version": "4.0.1",
      "resolved": "https://registry.npmjs.org/@types/type-detect/-/type-detect-4.0.1.tgz",
      "integrity": "sha512-0+S1S9Iq0oJ9w9IaBC5W/z1WsPNDUIAJG+THGmqR4vUAxUPCzIY+dApTvyGsaBUWjafTDL0Dg8Z9+iRuk3/BQA=="
    },
    "node_modules/assertion-error": {
      "version": "1.1.0",
      "resolved": "https://registry.npmjs.org/assertion-error/-/assertion-error-1.1.0.tgz",
      "integrity": "sha512-jgsaNduz+ndvGyFt3uSuWqvy4lCnIJiovtouQN5JZHOKCS2QuhEdbcQHFhVksz2N2U9hXJo8odG7ETyWlEeuDw==",
      "engines": {
        "node": "*"
      }
    },
    "node_modules/chai": {
      "version": "4.2.0",
      "resolved": "https://registry.npmjs.org/chai/-/chai-4.2.0.tgz",
      "integrity": "sha512-XQU3bhBukrOsQCuwZndwGcCVQHyZi53fQ6Ys1Fym7E4olpIqqZZhhoFJoaKVvV17lWQoXYwgWN2nF5crA8J2jw==",
      "dependencies": {
        "assertion-error": "^1.1.0",
        "check-error": "^1.0.2",
        "deep-eql": "^3.0.1",
        "get-func-name": "^2.0.0",
        "pathval": "^1.1.0",
        "type-detect": "^4.0.5"
      },
      "engines": {
        "node": ">=4"
      }
    },
    "node_modules/chai-asserttype-extra": {
      "version": "1.2.0",
      "resolved": "https://registry.npmjs.org/chai-asserttype-extra/-/chai-asserttype-extra-1.2.0.tgz",
      "integrity": "sha512-3yIuvOadlD3U2IgBMyl4I1d/wtHJuBuSbFgaf97PfgIaFq5+mVnTCwNskqBQK5pm6wYXmDfd/xC2+kD4QPU1bg==",
      "dependencies": {
        "@types/type-detect": "^4",
        "ts-type": "^1.0.6"
      },
      "peerDependencies": {
        "chai": "^4",
        "type-detect": "^4"
      }
    },
    "node_modules/check-error": {
      "version": "1.0.2",
      "resolved": "https://registry.npmjs.org/check-error/-/check-error-1.0.2.tgz",
      "integrity": "sha1-V00xLt2Iu13YkS6Sht1sCu1KrII=",
      "engines": {
        "node": "*"
      }
    },
    "node_modules/deep-eql": {
      "version": "3.0.1",
      "resolved": "https://registry.npmjs.org/deep-eql/-/deep-eql-3.0.1.tgz",
      "integrity": "sha512-+QeIQyN5ZuO+3Uk5DYh6/1eKO0m0YmJFGNmFHGACpf1ClL1nmlV/p4gNgbl2pJGxgXb4faqo6UE+M5ACEMyVcw==",
      "dependencies": {
        "type-detect": "^4.0.0"
      },
      "engines": {
        "node": ">=0.12"
      }
    },
    "node_modules/get-func-name": {
      "version": "2.0.0",
      "resolved": "https://registry.npmjs.org/get-func-name/-/get-func-name-2.0.0.tgz",
      "integrity": "sha1-6td0q+5y4gQJQzoGY2YCPdaIekE=",
      "engines": {
        "node": "*"
      }
    },
    "node_modules/pathval": {
      "version": "1.1.0",
      "resolved": "https://registry.npmjs.org/pathval/-/pathval-1.1.0.tgz",
      "integrity": "sha1-uULm1L3mUwBe9rcTYd74cn0GReA=",
      "engines": {
        "node": "*"
      }
    },
    "node_modules/ts-toolbelt": {
      "version": "8.0.7",
      "resolved": "https://registry.npmjs.org/ts-toolbelt/-/ts-toolbelt-8.0.7.tgz",
      "integrity": "sha512-KICHyKxc5Nu34kyoODrEe2+zvuQQaubTJz7pnC5RQ19TH/Jged1xv+h8LBrouaSD310m75oAljYs59LNHkLDkQ==",
      "peer": true
    },
    "node_modules/ts-type": {
      "version": "1.2.34",
      "resolved": "https://registry.npmjs.org/ts-type/-/ts-type-1.2.34.tgz",
      "integrity": "sha512-r70j8OzgJb16cJ9mpHzmIT286k8Gqik4aAckxDbFc4MyKwwfEeDrXfHt4tLpSNjvqyG51FJGnRt5le6OC4YH0Q==",
      "dependencies": {
        "typedarray-dts": "^1.0.0"
      },
      "peerDependencies": {
        "@types/bluebird": "*",
        "ts-toolbelt": "^8.0.4"
      }
    },
    "node_modules/type-detect": {
      "version": "4.0.8",
      "resolved": "https://registry.npmjs.org/type-detect/-/type-detect-4.0.8.tgz",
      "integrity": "sha512-0fr/mIH1dlO+x7TlcMy+bIDqKPsw/70tVyeHW787goQjhmqaZe10uwLujubK9q9Lg6Fiho1KUKDYz0Z7k7g5/g==",
      "engines": {
        "node": ">=4"
      }
    },
    "node_modules/typedarray-dts": {
      "version": "1.0.0",
      "resolved": "https://registry.npmjs.org/typedarray-dts/-/typedarray-dts-1.0.0.tgz",
      "integrity": "sha512-Ka0DBegjuV9IPYFT1h0Qqk5U4pccebNIJCGl8C5uU7xtOs+jpJvKGAY4fHGK25hTmXZOEUl9Cnsg5cS6K/b5DA=="
    }
  },
  "dependencies": {
    "@types/bluebird": {
      "version": "3.5.33",
      "resolved": "https://registry.npmjs.org/@types/bluebird/-/bluebird-3.5.33.tgz",
      "integrity": "sha512-ndEo1xvnYeHxm7I/5sF6tBvnsA4Tdi3zj1keRKRs12SP+2ye2A27NDJ1B6PqkfMbGAcT+mqQVqbZRIrhfOp5PQ==",
      "peer": true
    },
    "@types/type-detect": {
      "version": "4.0.1",
      "resolved": "https://registry.npmjs.org/@types/type-detect/-/type-detect-4.0.1.tgz",
      "integrity": "sha512-0+S1S9Iq0oJ9w9IaBC5W/z1WsPNDUIAJG+THGmqR4vUAxUPCzIY+dApTvyGsaBUWjafTDL0Dg8Z9+iRuk3/BQA=="
    },
    "assertion-error": {
      "version": "1.1.0",
      "resolved": "https://registry.npmjs.org/assertion-error/-/assertion-error-1.1.0.tgz",
      "integrity": "sha512-jgsaNduz+ndvGyFt3uSuWqvy4lCnIJiovtouQN5JZHOKCS2QuhEdbcQHFhVksz2N2U9hXJo8odG7ETyWlEeuDw=="
    },
    "chai": {
      "version": "4.2.0",
      "resolved": "https://registry.npmjs.org/chai/-/chai-4.2.0.tgz",
      "integrity": "sha512-XQU3bhBukrOsQCuwZndwGcCVQHyZi53fQ6Ys1Fym7E4olpIqqZZhhoFJoaKVvV17lWQoXYwgWN2nF5crA8J2jw==",
      "requires": {
        "assertion-error": "^1.1.0",
        "check-error": "^1.0.2",
        "deep-eql": "^3.0.1",
        "get-func-name": "^2.0.0",
        "pathval": "^1.1.0",
        "type-detect": "^4.0.5"
      }
    },
    "chai-asserttype-extra": {
      "version": "1.2.0",
      "resolved": "https://registry.npmjs.org/chai-asserttype-extra/-/chai-asserttype-extra-1.2.0.tgz",
      "integrity": "sha512-3yIuvOadlD3U2IgBMyl4I1d/wtHJuBuSbFgaf97PfgIaFq5+mVnTCwNskqBQK5pm6wYXmDfd/xC2+kD4QPU1bg==",
      "requires": {
        "@types/type-detect": "^4",
        "ts-type": "^1.0.6"
      }
    },
    "check-error": {
      "version": "1.0.2",
      "resolved": "https://registry.npmjs.org/check-error/-/check-error-1.0.2.tgz",
      "integrity": "sha1-V00xLt2Iu13YkS6Sht1sCu1KrII="
    },
    "deep-eql": {
      "version": "3.0.1",
      "resolved": "https://registry.npmjs.org/deep-eql/-/deep-eql-3.0.1.tgz",
      "integrity": "sha512-+QeIQyN5ZuO+3Uk5DYh6/1eKO0m0YmJFGNmFHGACpf1ClL1nmlV/p4gNgbl2pJGxgXb4faqo6UE+M5ACEMyVcw==",
      "requires": {
        "type-detect": "^4.0.0"
      }
    },
    "get-func-name": {
      "version": "2.0.0",
      "resolved": "https://registry.npmjs.org/get-func-name/-/get-func-name-2.0.0.tgz",
      "integrity": "sha1-6td0q+5y4gQJQzoGY2YCPdaIekE="
    },
    "pathval": {
      "version": "1.1.0",
      "resolved": "https://registry.npmjs.org/pathval/-/pathval-1.1.0.tgz",
      "integrity": "sha1-uULm1L3mUwBe9rcTYd74cn0GReA="
    },
    "ts-toolbelt": {
      "version": "8.0.7",
      "resolved": "https://registry.npmjs.org/ts-toolbelt/-/ts-toolbelt-8.0.7.tgz",
      "integrity": "sha512-KICHyKxc5Nu34kyoODrEe2+zvuQQaubTJz7pnC5RQ19TH/Jged1xv+h8LBrouaSD310m75oAljYs59LNHkLDkQ==",
      "peer": true
    },
    "ts-type": {
      "version": "1.2.34",
      "resolved": "https://registry.npmjs.org/ts-type/-/ts-type-1.2.34.tgz",
      "integrity": "sha512-r70j8OzgJb16cJ9mpHzmIT286k8Gqik4aAckxDbFc4MyKwwfEeDrXfHt4tLpSNjvqyG51FJGnRt5le6OC4YH0Q==",
      "requires": {
        "typedarray-dts": "^1.0.0"
      }
    },
    "type-detect": {
      "version": "4.0.8",
      "resolved": "https://registry.npmjs.org/type-detect/-/type-detect-4.0.8.tgz",
      "integrity": "sha512-0fr/mIH1dlO+x7TlcMy+bIDqKPsw/70tVyeHW787goQjhmqaZe10uwLujubK9q9Lg6Fiho1KUKDYz0Z7k7g5/g=="
    },
    "typedarray-dts": {
      "version": "1.0.0",
      "resolved": "https://registry.npmjs.org/typedarray-dts/-/typedarray-dts-1.0.0.tgz",
      "integrity": "sha512-Ka0DBegjuV9IPYFT1h0Qqk5U4pccebNIJCGl8C5uU7xtOs+jpJvKGAY4fHGK25hTmXZOEUl9Cnsg5cS6K/b5DA=="
    }
  }
}
